schema: '2.0'
stages:
  process_data:
    cmd: python src/data_processing/process_data.py
    deps:
    - path: data/raw
      hash: md5
      md5: 32427163f0b97b354a5352ca80a7edca.dir
      size: 17484463
      nfiles: 15
    - path: src/data_processing/process_data.py
      hash: md5
      md5: f665dc2999b11abbb6282bf68bc94976
      size: 4104
    outs:
    - path: data/processed/classcount.json
      hash: md5
      md5: fcfef9ec89b66a4b3dbcc2caa2ab720f
      size: 814678
    - path: data/processed/data.json
      hash: md5
      md5: d45f9318f2f103fad70301b639fd1c24
      size: 580824
    - path: data/processed/meta_data.json
      hash: md5
      md5: b8c412ddc2be052079403cd5ccc2c41d
      size: 591268
    - path: data/processed/observations.csv
      hash: md5
      md5: cf92cbf4c3094ae2ba6019dcd34d125c
      size: 74309
  figure1:
    cmd: python src/outputs/figure1.py
    deps:
    - path: data/processed/meta_data.json
      hash: md5
      md5: b8c412ddc2be052079403cd5ccc2c41d
      size: 591268
    - path: data/raw/altitude.csv
      hash: md5
      md5: a55aa90c495bec3f40535a4bae1b0012
      size: 68666
    - path: data/raw/ec.csv
      hash: md5
      md5: 93897844f9f3afc75d399c095fe0a4d5
      size: 3013
    - path: data/raw/sst.csv
      hash: md5
      md5: efab69fe41e0df5ea25882ba1bd737aa
      size: 15075961
    - path: src/outputs/common.py
      hash: md5
      md5: fea28e072a33f8f3c56f294656f0f29a
      size: 482
    - path: src/outputs/figure1.py
      hash: md5
      md5: 06a7ac0d6b3ec603e55eef8353fe5e3d
      size: 5490
    params:
      params.yaml:
        figures.dpi: 600
        figures.page_height: 9.05512
        figures.page_width: 7.48031
    outs:
    - path: output/figure1.eps
      hash: md5
      md5: b203b7291ce4467b86283aac1ba07f89
      size: 16520634
  nmds:
    cmd: python src/data_processing/nmds.py
    deps:
    - path: data/processed/data.json
      hash: md5
      md5: d45f9318f2f103fad70301b639fd1c24
      size: 580824
    - path: data/processed/meta_data.json
      hash: md5
      md5: b8c412ddc2be052079403cd5ccc2c41d
      size: 591268
    - path: src/data_processing/nmds.py
      hash: md5
      md5: 235aa13ebe613d47f80de9fbc3520f72
      size: 1525
    params:
      params.yaml:
        nmds.random_seed: 7777
    outs:
    - path: data/model/nmds.json
      hash: md5
      md5: c265f664bab518d74613337c42f63e05
      size: 90629
  rost:
    cmd: python src/data_processing/rost.py
    deps:
    - path: data/preserved_rost_output/rost_topic_prob.json
      hash: md5
      md5: 9f5f3c707dc4d171a5de8561f71d2a92
      size: 243704
    - path: data/preserved_rost_output/rost_word_prob.json
      hash: md5
      md5: 994c7e54c443979030c4556dc926f5c7
      size: 2642366
    - path: data/preserved_rost_output/rost_wt_matrix.json
      hash: md5
      md5: 95122e110686a1247621cfc75f1aa40f
      size: 9762
    - path: data/processed/meta_data.json
      hash: md5
      md5: b8c412ddc2be052079403cd5ccc2c41d
      size: 591268
    - path: data/processed/observations.csv
      hash: md5
      md5: cf92cbf4c3094ae2ba6019dcd34d125c
      size: 74309
    - path: src/data_processing/rost.py
      hash: md5
      md5: 5496e7e1b3840dba3cc1c7300beb20ea
      size: 3945
    params:
      params.yaml:
        rost.alpha: 0.001
        rost.beta: 0.001
        rost.copy_preserved_data: false
        rost.epochs: 1000
        rost.k: 4
        rost.overwrite: true
    outs:
    - path: data/model/rost_topic_prob.json
      hash: md5
      md5: 1e098d7266e71ffbee2498939c7af42d
      size: 218851
    - path: data/model/rost_word_prob.json
      hash: md5
      md5: 680dbf1253a282b7159c8a6f17cc2fef
      size: 2388142
    - path: data/model/rost_wt_matrix.json
      hash: md5
      md5: c4827e5977ab1ab0feaa0488cbee3f23
      size: 9758
  figure3:
    cmd: python src/outputs/figure3.py
    deps:
    - path: data/model/nmds.json
      hash: md5
      md5: c265f664bab518d74613337c42f63e05
      size: 90629
    - path: data/processed/meta_data.json
      hash: md5
      md5: b8c412ddc2be052079403cd5ccc2c41d
      size: 591268
    - path: src/outputs/common.py
      hash: md5
      md5: fea28e072a33f8f3c56f294656f0f29a
      size: 482
    - path: src/outputs/figure3.py
      hash: md5
      md5: 7728348e29f4a6ac3f9053f96a6f743b
      size: 6538
    params:
      params.yaml:
        figures.dpi: 600
        figures.page_height: 9.05512
        figures.page_width: 7.48031
    outs:
    - path: output/figure3.eps
      hash: md5
      md5: f5b2adfe123514cb6f01b295ac43f56e
      size: 80778
  figure4:
    cmd: python src/outputs/figure4.py
    deps:
    - path: data/model/rost_topic_prob.json
      hash: md5
      md5: 1e098d7266e71ffbee2498939c7af42d
      size: 218851
    - path: data/processed/meta_data.json
      hash: md5
      md5: b8c412ddc2be052079403cd5ccc2c41d
      size: 591268
    - path: src/outputs/common.py
      hash: md5
      md5: d94acd5551244b3c02ba3c3029bb8d6a
      size: 592
    - path: src/outputs/figure4.py
      hash: md5
      md5: 174cfba4bf4abc60acf55d043adc4239
      size: 3222
    params:
      params.yaml:
        figures.dpi: 600
        figures.page_height: 9.05512
        figures.page_width: 7.48031
    outs:
    - path: output/figure4.eps
      hash: md5
      md5: 29cb13408d44ca8f7f59ad8da025f0e5
      size: 167039
